// !$*UTF8*$!
{
	archiveVersion = 1;
	classes = {
	};
	objectVersion = 55;
	objects = {

/* Begin PBXBuildFile section */
		A5127B05276A2ED0006806DE /* AppDelegate.swift in Sources */ = {isa = PBXBuildFile; fileRef = A5127B04276A2ED0006806DE /* AppDelegate.swift */; };
		A5127B09276A2ED0006806DE /* WeatherViewController.swift in Sources */ = {isa = PBXBuildFile; fileRef = A5127B08276A2ED0006806DE /* WeatherViewController.swift */; };
		A5127B0E276A2ED3006806DE /* Assets.xcassets in Resources */ = {isa = PBXBuildFile; fileRef = A5127B0D276A2ED3006806DE /* Assets.xcassets */; };
		A5127B11276A2ED3006806DE /* LaunchScreen.storyboard in Resources */ = {isa = PBXBuildFile; fileRef = A5127B0F276A2ED3006806DE /* LaunchScreen.storyboard */; };
		A5127B19276A30B2006806DE /* WeatherViewController.xib in Resources */ = {isa = PBXBuildFile; fileRef = A5127B18276A30B2006806DE /* WeatherViewController.xib */; };
		A5127B1B276A31C0006806DE /* Extensions.swift in Sources */ = {isa = PBXBuildFile; fileRef = A5127B1A276A31BF006806DE /* Extensions.swift */; };
		A5127B21276A58A2006806DE /* HourEntity.swift in Sources */ = {isa = PBXBuildFile; fileRef = A5127B20276A58A2006806DE /* HourEntity.swift */; };
		A5A7B48A276CB50000252496 /* CurrentTableViewCell.swift in Sources */ = {isa = PBXBuildFile; fileRef = A5A7B488276CB50000252496 /* CurrentTableViewCell.swift */; };
		A5A7B48B276CB50000252496 /* CurrentTableViewCell.xib in Resources */ = {isa = PBXBuildFile; fileRef = A5A7B489276CB50000252496 /* CurrentTableViewCell.xib */; };
		A5A7B48E276DD58C00252496 /* SunCollectionViewCell.swift in Sources */ = {isa = PBXBuildFile; fileRef = A5A7B48C276DD58B00252496 /* SunCollectionViewCell.swift */; };
		A5A7B48F276DD58C00252496 /* SunCollectionViewCell.xib in Resources */ = {isa = PBXBuildFile; fileRef = A5A7B48D276DD58B00252496 /* SunCollectionViewCell.xib */; };
		A5E80AFA276B439600975C1B /* DayEntity.swift in Sources */ = {isa = PBXBuildFile; fileRef = A5E80AF9276B439600975C1B /* DayEntity.swift */; };
		A5E80AFC276B43AB00975C1B /* Weather.swift in Sources */ = {isa = PBXBuildFile; fileRef = A5E80AFB276B43AB00975C1B /* Weather.swift */; };
		A5E80B00276B503A00975C1B /* WeatherManager.swift in Sources */ = {isa = PBXBuildFile; fileRef = A5E80AFF276B503A00975C1B /* WeatherManager.swift */; };
		A5E80B43276BB39700975C1B /* DayTableViewCell.xib in Resources */ = {isa = PBXBuildFile; fileRef = A5E80B41276BB39600975C1B /* DayTableViewCell.xib */; };
		A5E80B44276BB39700975C1B /* DayTableViewCell.swift in Sources */ = {isa = PBXBuildFile; fileRef = A5E80B42276BB39600975C1B /* DayTableViewCell.swift */; };
		A5E80B47276C6A7F00975C1B /* HoursCollectionView.swift in Sources */ = {isa = PBXBuildFile; fileRef = A5E80B46276C6A7F00975C1B /* HoursCollectionView.swift */; };
		A5E80B49276C6A8D00975C1B /* HoursCollectionView.xib in Resources */ = {isa = PBXBuildFile; fileRef = A5E80B48276C6A8D00975C1B /* HoursCollectionView.xib */; };
		A5E80B4C276C6CEA00975C1B /* HourCollectionViewCell.swift in Sources */ = {isa = PBXBuildFile; fileRef = A5E80B4A276C6CEA00975C1B /* HourCollectionViewCell.swift */; };
		A5E80B4D276C6CEA00975C1B /* HourCollectionViewCell.xib in Resources */ = {isa = PBXBuildFile; fileRef = A5E80B4B276C6CEA00975C1B /* HourCollectionViewCell.xib */; };
/* End PBXBuildFile section */

/* Begin PBXFileReference section */
		A5127B01276A2ED0006806DE /* Weather.app */ = {isa = PBXFileReference; explicitFileType = wrapper.application; includeInIndex = 0; path = Weather.app; sourceTree = BUILT_PRODUCTS_DIR; };
		A5127B04276A2ED0006806DE /* AppDelegate.swift */ = {isa = PBXFileReference; lastKnownFileType = sourcecode.swift; path = AppDelegate.swift; sourceTree = "<group>"; };
		A5127B08276A2ED0006806DE /* WeatherViewController.swift */ = {isa = PBXFileReference; lastKnownFileType = sourcecode.swift; path = WeatherViewController.swift; sourceTree = "<group>"; };
		A5127B0D276A2ED3006806DE /* Assets.xcassets */ = {isa = PBXFileReference; lastKnownFileType = folder.assetcatalog; path = Assets.xcassets; sourceTree = "<group>"; };
		A5127B10276A2ED3006806DE /* Base */ = {isa = PBXFileReference; lastKnownFileType = file.storyboard; name = Base; path = Base.lproj/LaunchScreen.storyboard; sourceTree = "<group>"; };
		A5127B12276A2ED3006806DE /* Info.plist */ = {isa = PBXFileReference; lastKnownFileType = text.plist.xml; path = Info.plist; sourceTree = "<group>"; };
		A5127B18276A30B2006806DE /* WeatherViewController.xib */ = {isa = PBXFileReference; lastKnownFileType = file.xib; path = WeatherViewController.xib; sourceTree = "<group>"; };
		A5127B1A276A31BF006806DE /* Extensions.swift */ = {isa = PBXFileReference; fileEncoding = 4; lastKnownFileType = sourcecode.swift; path = Extensions.swift; sourceTree = "<group>"; };
		A5127B20276A58A2006806DE /* HourEntity.swift */ = {isa = PBXFileReference; lastKnownFileType = sourcecode.swift; path = HourEntity.swift; sourceTree = "<group>"; };
		A5A7B488276CB50000252496 /* CurrentTableViewCell.swift */ = {isa = PBXFileReference; lastKnownFileType = sourcecode.swift; path = CurrentTableViewCell.swift; sourceTree = "<group>"; };
		A5A7B489276CB50000252496 /* CurrentTableViewCell.xib */ = {isa = PBXFileReference; lastKnownFileType = file.xib; path = CurrentTableViewCell.xib; sourceTree = "<group>"; };
		A5A7B48C276DD58B00252496 /* SunCollectionViewCell.swift */ = {isa = PBXFileReference; lastKnownFileType = sourcecode.swift; path = SunCollectionViewCell.swift; sourceTree = "<group>"; };
		A5A7B48D276DD58B00252496 /* SunCollectionViewCell.xib */ = {isa = PBXFileReference; lastKnownFileType = file.xib; path = SunCollectionViewCell.xib; sourceTree = "<group>"; };
		A5E80AF9276B439600975C1B /* DayEntity.swift */ = {isa = PBXFileReference; lastKnownFileType = sourcecode.swift; path = DayEntity.swift; sourceTree = "<group>"; };
		A5E80AFB276B43AB00975C1B /* Weather.swift */ = {isa = PBXFileReference; lastKnownFileType = sourcecode.swift; path = Weather.swift; sourceTree = "<group>"; };
		A5E80AFF276B503A00975C1B /* WeatherManager.swift */ = {isa = PBXFileReference; lastKnownFileType = sourcecode.swift; path = WeatherManager.swift; sourceTree = "<group>"; };
		A5E80B41276BB39600975C1B /* DayTableViewCell.xib */ = {isa = PBXFileReference; fileEncoding = 4; lastKnownFileType = file.xib; path = DayTableViewCell.xib; sourceTree = "<group>"; };
		A5E80B42276BB39600975C1B /* DayTableViewCell.swift */ = {isa = PBXFileReference; fileEncoding = 4; lastKnownFileType = sourcecode.swift; path = DayTableViewCell.swift; sourceTree = "<group>"; };
		A5E80B46276C6A7F00975C1B /* HoursCollectionView.swift */ = {isa = PBXFileReference; lastKnownFileType = sourcecode.swift; path = HoursCollectionView.swift; sourceTree = "<group>"; };
		A5E80B48276C6A8D00975C1B /* HoursCollectionView.xib */ = {isa = PBXFileReference; lastKnownFileType = file.xib; path = HoursCollectionView.xib; sourceTree = "<group>"; };
		A5E80B4A276C6CEA00975C1B /* HourCollectionViewCell.swift */ = {isa = PBXFileReference; lastKnownFileType = sourcecode.swift; path = HourCollectionViewCell.swift; sourceTree = "<group>"; };
		A5E80B4B276C6CEA00975C1B /* HourCollectionViewCell.xib */ = {isa = PBXFileReference; lastKnownFileType = file.xib; path = HourCollectionViewCell.xib; sourceTree = "<group>"; };
/* End PBXFileReference section */

/* Begin PBXFrameworksBuildPhase section */
		A5127AFE276A2ED0006806DE /* Frameworks */ = {
			isa = PBXFrameworksBuildPhase;
			buildActionMask = 2147483647;
			files = (
			);
			runOnlyForDeploymentPostprocessing = 0;
		};
/* End PBXFrameworksBuildPhase section */

/* Begin PBXGroup section */
		A5127AF8276A2ED0006806DE = {
			isa = PBXGroup;
			children = (
				A5127B03276A2ED0006806DE /* Weather */,
				A5127B02276A2ED0006806DE /* Products */,
			);
			sourceTree = "<group>";
		};
		A5127B02276A2ED0006806DE /* Products */ = {
			isa = PBXGroup;
			children = (
				A5127B01276A2ED0006806DE /* Weather.app */,
			);
			name = Products;
			sourceTree = "<group>";
		};
		A5127B03276A2ED0006806DE /* Weather */ = {
			isa = PBXGroup;
			children = (
				A5127B0D276A2ED3006806DE /* Assets.xcassets */,
				A5127B04276A2ED0006806DE /* AppDelegate.swift */,
				A5127B1A276A31BF006806DE /* Extensions.swift */,
				A5E80AFF276B503A00975C1B /* WeatherManager.swift */,
				A5E80B01276BAF6C00975C1B /* ViewControllers */,
				A5E80B03276BAF9C00975C1B /* Entities */,
				A5127B0F276A2ED3006806DE /* LaunchScreen.storyboard */,
				A5127B12276A2ED3006806DE /* Info.plist */,
			);
			path = Weather;
			sourceTree = "<group>";
		};
		A5E80B01276BAF6C00975C1B /* ViewControllers */ = {
			isa = PBXGroup;
			children = (
				A5127B08276A2ED0006806DE /* WeatherViewController.swift */,
				A5127B18276A30B2006806DE /* WeatherViewController.xib */,
				A5E80B45276C69D600975C1B /* TableViewHeader */,
				A5E80B40276BB39600975C1B /* TableViewCells */,
			);
			path = ViewControllers;
			sourceTree = "<group>";
		};
		A5E80B03276BAF9C00975C1B /* Entities */ = {
			isa = PBXGroup;
			children = (
				A5127B20276A58A2006806DE /* HourEntity.swift */,
				A5E80AF9276B439600975C1B /* DayEntity.swift */,
				A5E80AFB276B43AB00975C1B /* Weather.swift */,
			);
			name = Entities;
			path = Weather/Entities;
			sourceTree = SOURCE_ROOT;
		};
		A5E80B40276BB39600975C1B /* TableViewCells */ = {
			isa = PBXGroup;
			children = (
				A5E80B42276BB39600975C1B /* DayTableViewCell.swift */,
				A5E80B41276BB39600975C1B /* DayTableViewCell.xib */,
				A5A7B488276CB50000252496 /* CurrentTableViewCell.swift */,
				A5A7B489276CB50000252496 /* CurrentTableViewCell.xib */,
			);
			path = TableViewCells;
			sourceTree = "<group>";
		};
		A5E80B45276C69D600975C1B /* TableViewHeader */ = {
			isa = PBXGroup;
			children = (
				A5E80B46276C6A7F00975C1B /* HoursCollectionView.swift */,
				A5E80B48276C6A8D00975C1B /* HoursCollectionView.xib */,
				A5E80B4A276C6CEA00975C1B /* HourCollectionViewCell.swift */,
				A5E80B4B276C6CEA00975C1B /* HourCollectionViewCell.xib */,
				A5A7B48C276DD58B00252496 /* SunCollectionViewCell.swift */,
				A5A7B48D276DD58B00252496 /* SunCollectionViewCell.xib */,
			);
			path = TableViewHeader;
			sourceTree = "<group>";
		};
/* End PBXGroup section */

/* Begin PBXNativeTarget section */
		A5127B00276A2ED0006806DE /* Weather */ = {
			isa = PBXNativeTarget;
			buildConfigurationList = A5127B15276A2ED3006806DE /* Build configuration list for PBXNativeTarget "Weather" */;
			buildPhases = (
				A5127AFD276A2ED0006806DE /* Sources */,
				A5127AFE276A2ED0006806DE /* Frameworks */,
				A5127AFF276A2ED0006806DE /* Resources */,
			);
			buildRules = (
			);
			dependencies = (
			);
			name = Weather;
			productName = Weather;
			productReference = A5127B01276A2ED0006806DE /* Weather.app */;
			productType = "com.apple.product-type.application";
		};
/* End PBXNativeTarget section */

/* Begin PBXProject section */
		A5127AF9276A2ED0006806DE /* Project object */ = {
			isa = PBXProject;
			attributes = {
				BuildIndependentTargetsInParallel = 1;
				LastSwiftUpdateCheck = 1310;
				LastUpgradeCheck = 1310;
				TargetAttributes = {
					A5127B00276A2ED0006806DE = {
						CreatedOnToolsVersion = 13.1;
					};
				};
			};
			buildConfigurationList = A5127AFC276A2ED0006806DE /* Build configuration list for PBXProject "Weather" */;
			compatibilityVersion = "Xcode 13.0";
			developmentRegion = en;
			hasScannedForEncodings = 0;
			knownRegions = (
				en,
				Base,
			);
			mainGroup = A5127AF8276A2ED0006806DE;
			productRefGroup = A5127B02276A2ED0006806DE /* Products */;
			projectDirPath = "";
			projectRoot = "";
			targets = (
				A5127B00276A2ED0006806DE /* Weather */,
			);
		};
/* End PBXProject section */

/* Begin PBXResourcesBuildPhase section */
		A5127AFF276A2ED0006806DE /* Resources */ = {
			isa = PBXResourcesBuildPhase;
			buildActionMask = 2147483647;
			files = (
				A5127B11276A2ED3006806DE /* LaunchScreen.storyboard in Resources */,
				A5127B19276A30B2006806DE /* WeatherViewController.xib in Resources */,
				A5E80B49276C6A8D00975C1B /* HoursCollectionView.xib in Resources */,
				A5E80B43276BB39700975C1B /* DayTableViewCell.xib in Resources */,
				A5E80B4D276C6CEA00975C1B /* HourCollectionViewCell.xib in Resources */,
				A5A7B48B276CB50000252496 /* CurrentTableViewCell.xib in Resources */,
				A5127B0E276A2ED3006806DE /* Assets.xcassets in Resources */,
				A5A7B48F276DD58C00252496 /* SunCollectionViewCell.xib in Resources */,
			);
			runOnlyForDeploymentPostprocessing = 0;
		};
/* End PBXResourcesBuildPhase section */

/* Begin PBXSourcesBuildPhase section */
		A5127AFD276A2ED0006806DE /* Sources */ = {
			isa = PBXSourcesBuildPhase;
			buildActionMask = 2147483647;
			files = (
				A5E80B47276C6A7F00975C1B /* HoursCollectionView.swift in Sources */,
				A5127B21276A58A2006806DE /* HourEntity.swift in Sources */,
				A5E80AFA276B439600975C1B /* DayEntity.swift in Sources */,
				A5E80B44276BB39700975C1B /* DayTableViewCell.swift in Sources */,
				A5E80B4C276C6CEA00975C1B /* HourCollectionViewCell.swift in Sources */,
				A5127B09276A2ED0006806DE /* WeatherViewController.swift in Sources */,
				A5127B1B276A31C0006806DE /* Extensions.swift in Sources */,
				A5E80B00276B503A00975C1B /* WeatherManager.swift in Sources */,
				A5127B05276A2ED0006806DE /* AppDelegate.swift in Sources */,
				A5E80AFC276B43AB00975C1B /* Weather.swift in Sources */,
				A5A7B48A276CB50000252496 /* CurrentTableViewCell.swift in Sources */,
				A5A7B48E276DD58C00252496 /* SunCollectionViewCell.swift in Sources */,
			);
			runOnlyForDeploymentPostprocessing = 0;
		};
/* End PBXSourcesBuildPhase section */

/* Begin PBXVariantGroup section */
		A5127B0F276A2ED3006806DE /* LaunchScreen.storyboard */ = {
			isa = PBXVariantGroup;
			children = (
				A5127B10276A2ED3006806DE /* Base */,
			);
			name = LaunchScreen.storyboard;
			sourceTree = "<group>";
		};
/* End PBXVariantGroup section */

/* Begin XCBuildConfiguration section */
		A5127B13276A2ED3006806DE /* Debug */ = {
			isa = XCBuildConfiguration;
			buildSettings = {
				ALWAYS_SEARCH_USER_PATHS = NO;
				CLANG_ANALYZER_NONNULL = YES;
				CLANG_ANALYZER_NUMBER_OBJECT_CONVERSION = YES_AGGRESSIVE;
				CLANG_CXX_LANGUAGE_STANDARD = "gnu++17";
				CLANG_CXX_LIBRARY = "libc++";
				CLANG_ENABLE_MODULES = YES;
				CLANG_ENABLE_OBJC_ARC = YES;
				CLANG_ENABLE_OBJC_WEAK = YES;
				CLANG_WARN_BLOCK_CAPTURE_AUTORELEASING = YES;
				CLANG_WARN_BOOL_CONVERSION = YES;
				CLANG_WARN_COMMA = YES;
				CLANG_WARN_CONSTANT_CONVERSION = YES;
				CLANG_WARN_DEPRECATED_OBJC_IMPLEMENTATIONS = YES;
				CLANG_WARN_DIRECT_OBJC_ISA_USAGE = YES_ERROR;
				CLANG_WARN_DOCUMENTATION_COMMENTS = YES;
				CLANG_WARN_EMPTY_BODY = YES;
				CLANG_WARN_ENUM_CONVERSION = YES;
				CLANG_WARN_INFINITE_RECURSION = YES;
				CLANG_WARN_INT_CONVERSION = YES;
				CLANG_WARN_NON_LITERAL_NULL_CONVERSION = YES;
				CLANG_WARN_OBJC_IMPLICIT_RETAIN_SELF = YES;
				CLANG_WARN_OBJC_LITERAL_CONVERSION = YES;
				CLANG_WARN_OBJC_ROOT_CLASS = YES_ERROR;
				CLANG_WARN_QUOTED_INCLUDE_IN_FRAMEWORK_HEADER = YES;
				CLANG_WARN_RANGE_LOOP_ANALYSIS = YES;
				CLANG_WARN_STRICT_PROTOTYPES = YES;
				CLANG_WARN_SUSPICIOUS_MOVE = YES;
				CLANG_WARN_UNGUARDED_AVAILABILITY = YES_AGGRESSIVE;
				CLANG_WARN_UNREACHABLE_CODE = YES;
				CLANG_WARN__DUPLICATE_METHOD_MATCH = YES;
				COPY_PHASE_STRIP = NO;
				DEBUG_INFORMATION_FORMAT = dwarf;
				ENABLE_STRICT_OBJC_MSGSEND = YES;
				ENABLE_TESTABILITY = YES;
				GCC_C_LANGUAGE_STANDARD = gnu11;
				GCC_DYNAMIC_NO_PIC = NO;
				GCC_NO_COMMON_BLOCKS = YES;
				GCC_OPTIMIZATION_LEVEL = 0;
				GCC_PREPROCESSOR_DEFINITIONS = (
					"DEBUG=1",
					"$(inherited)",
				);
				GCC_WARN_64_TO_32_BIT_CONVERSION = YES;
				GCC_WARN_ABOUT_RETURN_TYPE = YES_ERROR;
				GCC_WARN_UNDECLARED_SELECTOR = YES;
				GCC_WARN_UNINITIALIZED_AUTOS = YES_AGGRESSIVE;
				GCC_WARN_UNUSED_FUNCTION = YES;
				GCC_WARN_UNUSED_VARIABLE = YES;
				IPHONEOS_DEPLOYMENT_TARGET = 15.0;
				MTL_ENABLE_DEBUG_INFO = INCLUDE_SOURCE;
				MTL_FAST_MATH = YES;
				ONLY_ACTIVE_ARCH = YES;
				SDKROOT = iphoneos;
				SWIFT_ACTIVE_COMPILATION_CONDITIONS = DEBUG;
				SWIFT_OPTIMIZATION_LEVEL = "-Onone";
			};
			name = Debug;
		};
		A5127B14276A2ED3006806DE /* Release */ = {
			isa = XCBuildConfiguration;
			buildSettings = {
				ALWAYS_SEARCH_USER_PATHS = NO;
				CLANG_ANALYZER_NONNULL = YES;
				CLANG_ANALYZER_NUMBER_OBJECT_CONVERSION = YES_AGGRESSIVE;
				CLANG_CXX_LANGUAGE_STANDARD = "gnu++17";
				CLANG_CXX_LIBRARY = "libc++";
				CLANG_ENABLE_MODULES = YES;
				CLANG_ENABLE_OBJC_ARC = YES;
				CLANG_ENABLE_OBJC_WEAK = YES;
				CLANG_WARN_BLOCK_CAPTURE_AUTORELEASING = YES;
				CLANG_WARN_BOOL_CONVERSION = YES;
				CLANG_WARN_COMMA = YES;
				CLANG_WARN_CONSTANT_CONVERSION = YES;
				CLANG_WARN_DEPRECATED_OBJC_IMPLEMENTATIONS = YES;
				CLANG_WARN_DIRECT_OBJC_ISA_USAGE = YES_ERROR;
				CLANG_WARN_DOCUMENTATION_COMMENTS = YES;
				CLANG_WARN_EMPTY_BODY = YES;
				CLANG_WARN_ENUM_CONVERSION = YES;
				CLANG_WARN_INFINITE_RECURSION = YES;
				CLANG_WARN_INT_CONVERSION = YES;
				CLANG_WARN_NON_LITERAL_NULL_CONVERSION = YES;
				CLANG_WARN_OBJC_IMPLICIT_RETAIN_SELF = YES;
				CLANG_WARN_OBJC_LITERAL_CONVERSION = YES;
				CLANG_WARN_OBJC_ROOT_CLASS = YES_ERROR;
				CLANG_WARN_QUOTED_INCLUDE_IN_FRAMEWORK_HEADER = YES;
				CLANG_WARN_RANGE_LOOP_ANALYSIS = YES;
				CLANG_WARN_STRICT_PROTOTYPES = YES;
				CLANG_WARN_SUSPICIOUS_MOVE = YES;
				CLANG_WARN_UNGUARDED_AVAILABILITY = YES_AGGRESSIVE;
				CLANG_WARN_UNREACHABLE_CODE = YES;
				CLANG_WARN__DUPLICATE_METHOD_MATCH = YES;
				COPY_PHASE_STRIP = NO;
				DEBUG_INFORMATION_FORMAT = "dwarf-with-dsym";
				ENABLE_NS_ASSERTIONS = NO;
				ENABLE_STRICT_OBJC_MSGSEND = YES;
				GCC_C_LANGUAGE_STANDARD = gnu11;
				GCC_NO_COMMON_BLOCKS = YES;
				GCC_WARN_64_TO_32_BIT_CONVERSION = YES;
				GCC_WARN_ABOUT_RETURN_TYPE = YES_ERROR;
				GCC_WARN_UNDECLARED_SELECTOR = YES;
				GCC_WARN_UNINITIALIZED_AUTOS = YES_AGGRESSIVE;
				GCC_WARN_UNUSED_FUNCTION = YES;
				GCC_WARN_UNUSED_VARIABLE = YES;
				IPHONEOS_DEPLOYMENT_TARGET = 15.0;
				MTL_ENABLE_DEBUG_INFO = NO;
				MTL_FAST_MATH = YES;
				SDKROOT = iphoneos;
				SWIFT_COMPILATION_MODE = wholemodule;
				SWIFT_OPTIMIZATION_LEVEL = "-O";
				VALIDATE_PRODUCT = YES;
			};
			name = Release;
		};
		A5127B16276A2ED3006806DE /* Debug */ = {
			isa = XCBuildConfiguration;
			buildSettings = {
				ASSETCATALOG_COMPILER_APPICON_NAME = AppIcon;
				ASSETCATALOG_COMPILER_GLOBAL_ACCENT_COLOR_NAME = AccentColor;
				CODE_SIGN_STYLE = Automatic;
				CURRENT_PROJECT_VERSION = 1;
				DEVELOPMENT_TEAM = XX45RC3NW2;
				GENERATE_INFOPLIST_FILE = YES;
				INFOPLIST_FILE = Weather/Info.plist;
				INFOPLIST_KEY_UIApplicationSupportsIndirectInputEvents = YES;
				INFOPLIST_KEY_UILaunchStoryboardName = LaunchScreen;
				INFOPLIST_KEY_UISupportedInterfaceOrientations = UIInterfaceOrientationPortrait;
				INFOPLIST_KEY_UISupportedInterfaceOrientations_iPad = "UIInterfaceOrientationPortrait UIInterfaceOrientationPortraitUpsideDown UIInterfaceOrientationLandscapeLeft UIInterfaceOrientationLandscapeRight";
				INFOPLIST_KEY_UISupportedInterfaceOrientations_iPhone = "UIInterfaceOrientationPortrait UIInterfaceOrientationLandscapeLeft UIInterfaceOrientationLandscapeRight";
				IPHONEOS_DEPLOYMENT_TARGET = 12.0;
				LD_RUNPATH_SEARCH_PATHS = (
					"$(inherited)",
					"@executable_path/Frameworks",
				);
				MARKETING_VERSION = 1.0;
				PRODUCT_BUNDLE_IDENTIFIER = RES.Weather;
				PRODUCT_NAME = "$(TARGET_NAME)";
				SWIFT_EMIT_LOC_STRINGS = YES;
				SWIFT_VERSION = 5.0;
				TARGETED_DEVICE_FAMILY = 1;
			};
			name = Debug;
		};
		A5127B17276A2ED3006806DE /* Release */ = {
			isa = XCBuildConfiguration;
			buildSettings = {
				ASSETCATALOG_COMPILER_APPICON_NAME = AppIcon;
				ASSETCATALOG_COMPILER_GLOBAL_ACCENT_COLOR_NAME = AccentColor;
				CODE_SIGN_STYLE = Automatic;
				CURRENT_PROJECT_VERSION = 1;
				DEVELOPMENT_TEAM = XX45RC3NW2;
				GENERATE_INFOPLIST_FILE = YES;
				INFOPLIST_FILE = Weather/Info.plist;
				INFOPLIST_KEY_UIApplicationSupportsIndirectInputEvents = YES;
				INFOPLIST_KEY_UILaunchStoryboardName = LaunchScreen;
				INFOPLIST_KEY_UISupportedInterfaceOrientations = UIInterfaceOrientationPortrait;
				INFOPLIST_KEY_UISupportedInterfaceOrientations_iPad = "UIInterfaceOrientationPortrait UIInterfaceOrientationPortraitUpsideDown UIInterfaceOrientationLandscapeLeft UIInterfaceOrientationLandscapeRight";
				INFOPLIST_KEY_UISupportedInterfaceOrientations_iPhone = "UIInterfaceOrientationPortrait UIInterfaceOrientationLandscapeLeft UIInterfaceOrientationLandscapeRight";
				IPHONEOS_DEPLOYMENT_TARGET = 12.0;
				LD_RUNPATH_SEARCH_PATHS = (
					"$(inherited)",
					"@executable_path/Frameworks",
				);
				MARKETING_VERSION = 1.0;
				PRODUCT_BUNDLE_IDENTIFIER = RES.Weather;
				PRODUCT_NAME = "$(TARGET_NAME)";
				SWIFT_EMIT_LOC_STRINGS = YES;
				SWIFT_VERSION = 5.0;
				TARGETED_DEVICE_FAMILY = 1;
			};
			name = Release;
		};
/* End XCBuildConfiguration section */

/* Begin XCConfigurationList section */
		A5127AFC276A2ED0006806DE /* Build configuration list for PBXProject "Weather" */ = {
			isa = XCConfigurationList;
			buildConfigurations = (
				A5127B13276A2ED3006806DE /* Debug */,
				A5127B14276A2ED3006806DE /* Release */,
			);
			defaultConfigurationIsVisible = 0;
			defaultConfigurationName = Release;
		};
		A5127B15276A2ED3006806DE /* Build configuration list for PBXNativeTarget "Weather" */ = {
			isa = XCConfigurationList;
			buildConfigurations = (
				A5127B16276A2ED3006806DE /* Debug */,
				A5127B17276A2ED3006806DE /* Release */,
			);
			defaultConfigurationIsVisible = 0;
			defaultConfigurationName = Release;
		};
/* End XCConfigurationList section */
	};
	rootObject = A5127AF9276A2ED0006806DE /* Project object */;
}
